
Microsoft Visual Studio Solution File, Format Version 12.00
# Visual Studio Version 17
VisualStudioVersion = 17.5.33516.290
MinimumVisualStudioVersion = 10.0.40219.1
Project("{FAE04EC0-301F-11D3-BF4B-00C04F79EFBC}") = "GUI", "GUI\GUI.csproj", "{B0406DE2-013D-47DA-B401-DD58C672FB4F}"
EndProject
Project("{FAE04EC0-301F-11D3-BF4B-00C04F79EFBC}") = "BLL", "BLL\BLL.csproj", "{20B0A243-275D-44E4-8DB4-11E5A165B157}"
EndProject
Project("{FAE04EC0-301F-11D3-BF4B-00C04F79EFBC}") = "DAL", "DAL\DAL.csproj", "{D5FA422C-EFBE-4FB0-9255-4BCF04FDBD99}"
EndProject
Project("{FAE04EC0-301F-11D3-BF4B-00C04F79EFBC}") = "DTO", "DTO\DTO.csproj", "{108D6CDD-FF1E-407E-A17D-CDB7A52DF10C}"
EndProject
Global
	GlobalSection(SolutionConfigurationPlatforms) = preSolution
		Debug|Any CPU = Debug|Any CPU
		Release|Any CPU = Release|Any CPU
	EndGlobalSection
	GlobalSection(ProjectConfigurationPlatforms) = postSolution
		{B0406DE2-013D-47DA-B401-DD58C672FB4F}.Debug|Any CPU.ActiveCfg = Debug|Any CPU
		{B0406DE2-013D-47DA-B401-DD58C672FB4F}.Debug|Any CPU.Build.0 = Debug|Any CPU
		{B0406DE2-013D-47DA-B401-DD58C672FB4F}.Release|Any CPU.ActiveCfg = Release|Any CPU
		{B0406DE2-013D-47DA-B401-DD58C672FB4F}.Release|Any CPU.Build.0 = Release|Any CPU
		{20B0A243-275D-44E4-8DB4-11E5A165B157}.Debug|Any CPU.ActiveCfg = Debug|Any CPU
		{20B0A243-275D-44E4-8DB4-11E5A165B157}.Debug|Any CPU.Build.0 = Debug|Any CPU
		{20B0A243-275D-44E4-8DB4-11E5A165B157}.Release|Any CPU.ActiveCfg = Release|Any CPU
		{20B0A243-275D-44E4-8DB4-11E5A165B157}.Release|Any CPU.Build.0 = Release|Any CPU
		{D5FA422C-EFBE-4FB0-9255-4BCF04FDBD99}.Debug|Any CPU.ActiveCfg = Debug|Any CPU
		{D5FA422C-EFBE-4FB0-9255-4BCF04FDBD99}.Debug|Any CPU.Build.0 = Debug|Any CPU
		{D5FA422C-EFBE-4FB0-9255-4BCF04FDBD99}.Release|Any CPU.ActiveCfg = Release|Any CPU
		{D5FA422C-EFBE-4FB0-9255-4BCF04FDBD99}.Release|Any CPU.Build.0 = Release|Any CPU
		{108D6CDD-FF1E-407E-A17D-CDB7A52DF10C}.Debug|Any CPU.ActiveCfg = Debug|Any CPU
		{108D6CDD-FF1E-407E-A17D-CDB7A52DF10C}.Debug|Any CPU.Build.0 = Debug|Any CPU
		{108D6CDD-FF1E-407E-A17D-CDB7A52DF10C}.Release|Any CPU.ActiveCfg = Release|Any CPU
		{108D6CDD-FF1E-407E-A17D-CDB7A52DF10C}.Release|Any CPU.Build.0 = Release|Any CPU
	EndGlobalSection
	GlobalSection(SolutionProperties) = preSolution
		HideSolutionNode = FALSE
	EndGlobalSection
	GlobalSection(ExtensibilityGlobals) = postSolution
		SolutionGuid = {B63FF55A-324C-4D2B-8123-07EB8B700399}
	EndGlobalSection
EndGlobal
